
Microsoft Visual Studio Solution File, Format Version 12.00
# Visual Studio Version 16
VisualStudioVersion = 16.0.30002.166
MinimumVisualStudioVersion = 10.0.40219.1
Project("{FAE04EC0-301F-11D3-BF4B-00C04F79EFBC}") = "18nery", "18nery\18nery.csproj", "{6CAE4C81-671C-401C-9891-92271B755842}"
EndProject
Global
	GlobalSection(SolutionConfigurationPlatforms) = preSolution
		Debug|Any CPU = Debug|Any CPU
		Release|Any CPU = Release|Any CPU
	EndGlobalSection
	GlobalSection(ProjectConfigurationPlatforms) = postSolution
		{6CAE4C81-671C-401C-9891-92271B755842}.Debug|Any CPU.ActiveCfg = Debug|Any CPU
		{6CAE4C81-671C-401C-9891-92271B755842}.Debug|Any CPU.Build.0 = Debug|Any CPU
		{6CAE4C81-671C-401C-9891-92271B755842}.Release|Any CPU.ActiveCfg = Release|Any CPU
		{6CAE4C81-671C-401C-9891-92271B755842}.Release|Any CPU.Build.0 = Release|Any CPU
	EndGlobalSection
	GlobalSection(SolutionProperties) = preSolution
		HideSolutionNode = FALSE
	EndGlobalSection
	GlobalSection(ExtensibilityGlobals) = postSolution
		SolutionGuid = {B247BAFA-82B2-4A2F-9BDA-9F8F8146648D}
	EndGlobalSection
EndGlobal
